// !$*UTF8*$!
{
	archiveVersion = 1;
	classes = {
	};
	objectVersion = 55;
	objects = {

/* Begin PBXBuildFile section */
		C84CB26127E2902200615218 /* PomodoroWatch WatchKit App.app in Embed Watch Content */ = {isa = PBXBuildFile; fileRef = C84CB26027E2902200615218 /* PomodoroWatch WatchKit App.app */; settings = {ATTRIBUTES = (RemoveHeadersOnCopy, ); }; };
		C84CB26627E2902400615218 /* Assets.xcassets in Resources */ = {isa = PBXBuildFile; fileRef = C84CB26527E2902400615218 /* Assets.xcassets */; };
		C84CB26C27E2902400615218 /* PomodoroWatch WatchKit Extension.appex in Embed App Extensions */ = {isa = PBXBuildFile; fileRef = C84CB26B27E2902400615218 /* PomodoroWatch WatchKit Extension.appex */; settings = {ATTRIBUTES = (RemoveHeadersOnCopy, ); }; };
		C84CB27127E2902400615218 /* PomodoroWatchApp.swift in Sources */ = {isa = PBXBuildFile; fileRef = C84CB27027E2902400615218 /* PomodoroWatchApp.swift */; };
		C84CB27327E2902400615218 /* ContentView.swift in Sources */ = {isa = PBXBuildFile; fileRef = C84CB27227E2902400615218 /* ContentView.swift */; };
		C84CB27527E2902400615218 /* NotificationController.swift in Sources */ = {isa = PBXBuildFile; fileRef = C84CB27427E2902400615218 /* NotificationController.swift */; };
		C84CB27727E2902400615218 /* NotificationView.swift in Sources */ = {isa = PBXBuildFile; fileRef = C84CB27627E2902400615218 /* NotificationView.swift */; };
		C84CB27927E2902400615218 /* ComplicationController.swift in Sources */ = {isa = PBXBuildFile; fileRef = C84CB27827E2902400615218 /* ComplicationController.swift */; };
		C84CB27B27E2902500615218 /* Assets.xcassets in Resources */ = {isa = PBXBuildFile; fileRef = C84CB27A27E2902500615218 /* Assets.xcassets */; };
		C84CB27E27E2902500615218 /* Preview Assets.xcassets in Resources */ = {isa = PBXBuildFile; fileRef = C84CB27D27E2902500615218 /* Preview Assets.xcassets */; };
/* End PBXBuildFile section */

/* Begin PBXContainerItemProxy section */
		C84CB26227E2902200615218 /* PBXContainerItemProxy */ = {
			isa = PBXContainerItemProxy;
			containerPortal = C84CB25627E2902200615218 /* Project object */;
			proxyType = 1;
			remoteGlobalIDString = C84CB25F27E2902200615218;
			remoteInfo = "PomodoroWatch WatchKit App";
		};
		C84CB26D27E2902400615218 /* PBXContainerItemProxy */ = {
			isa = PBXContainerItemProxy;
			containerPortal = C84CB25627E2902200615218 /* Project object */;
			proxyType = 1;
			remoteGlobalIDString = C84CB26A27E2902400615218;
			remoteInfo = "PomodoroWatch WatchKit Extension";
		};
/* End PBXContainerItemProxy section */

/* Begin PBXCopyFilesBuildPhase section */
		C84CB28627E2902500615218 /* Embed App Extensions */ = {
			isa = PBXCopyFilesBuildPhase;
			buildActionMask = 2147483647;
			dstPath = "";
			dstSubfolderSpec = 13;
			files = (
				C84CB26C27E2902400615218 /* PomodoroWatch WatchKit Extension.appex in Embed App Extensions */,
			);
			name = "Embed App Extensions";
			runOnlyForDeploymentPostprocessing = 0;
		};
		C84CB28A27E2902500615218 /* Embed Watch Content */ = {
			isa = PBXCopyFilesBuildPhase;
			buildActionMask = 2147483647;
			dstPath = "$(CONTENTS_FOLDER_PATH)/Watch";
			dstSubfolderSpec = 16;
			files = (
				C84CB26127E2902200615218 /* PomodoroWatch WatchKit App.app in Embed Watch Content */,
			);
			name = "Embed Watch Content";
			runOnlyForDeploymentPostprocessing = 0;
		};
/* End PBXCopyFilesBuildPhase section */

/* Begin PBXFileReference section */
		C84CB25C27E2902200615218 /* PomodoroWatch.app */ = {isa = PBXFileReference; explicitFileType = wrapper.application; includeInIndex = 0; path = PomodoroWatch.app; sourceTree = BUILT_PRODUCTS_DIR; };
		C84CB26027E2902200615218 /* PomodoroWatch WatchKit App.app */ = {isa = PBXFileReference; explicitFileType = wrapper.application; includeInIndex = 0; path = "PomodoroWatch WatchKit App.app"; sourceTree = BUILT_PRODUCTS_DIR; };
		C84CB26527E2902400615218 /* Assets.xcassets */ = {isa = PBXFileReference; lastKnownFileType = folder.assetcatalog; path = Assets.xcassets; sourceTree = "<group>"; };
		C84CB26B27E2902400615218 /* PomodoroWatch WatchKit Extension.appex */ = {isa = PBXFileReference; explicitFileType = "wrapper.app-extension"; includeInIndex = 0; path = "PomodoroWatch WatchKit Extension.appex"; sourceTree = BUILT_PRODUCTS_DIR; };
		C84CB27027E2902400615218 /* PomodoroWatchApp.swift */ = {isa = PBXFileReference; lastKnownFileType = sourcecode.swift; path = PomodoroWatchApp.swift; sourceTree = "<group>"; };
		C84CB27227E2902400615218 /* ContentView.swift */ = {isa = PBXFileReference; lastKnownFileType = sourcecode.swift; path = ContentView.swift; sourceTree = "<group>"; };
		C84CB27427E2902400615218 /* NotificationController.swift */ = {isa = PBXFileReference; lastKnownFileType = sourcecode.swift; path = NotificationController.swift; sourceTree = "<group>"; };
		C84CB27627E2902400615218 /* NotificationView.swift */ = {isa = PBXFileReference; lastKnownFileType = sourcecode.swift; path = NotificationView.swift; sourceTree = "<group>"; };
		C84CB27827E2902400615218 /* ComplicationController.swift */ = {isa = PBXFileReference; lastKnownFileType = sourcecode.swift; path = ComplicationController.swift; sourceTree = "<group>"; };
		C84CB27A27E2902500615218 /* Assets.xcassets */ = {isa = PBXFileReference; lastKnownFileType = folder.assetcatalog; path = Assets.xcassets; sourceTree = "<group>"; };
		C84CB27D27E2902500615218 /* Preview Assets.xcassets */ = {isa = PBXFileReference; lastKnownFileType = folder.assetcatalog; path = "Preview Assets.xcassets"; sourceTree = "<group>"; };
		C84CB27F27E2902500615218 /* Info.plist */ = {isa = PBXFileReference; lastKnownFileType = text.plist.xml; path = Info.plist; sourceTree = "<group>"; };
		C84CB28027E2902500615218 /* PushNotificationPayload.apns */ = {isa = PBXFileReference; lastKnownFileType = text; path = PushNotificationPayload.apns; sourceTree = "<group>"; };
/* End PBXFileReference section */

/* Begin PBXFrameworksBuildPhase section */
		C84CB26827E2902400615218 /* Frameworks */ = {
			isa = PBXFrameworksBuildPhase;
			buildActionMask = 2147483647;
			files = (
			);
			runOnlyForDeploymentPostprocessing = 0;
		};
/* End PBXFrameworksBuildPhase section */

/* Begin PBXGroup section */
		C84CB25527E2902200615218 = {
			isa = PBXGroup;
			children = (
				C84CB26427E2902200615218 /* PomodoroWatch WatchKit App */,
				C84CB26F27E2902400615218 /* PomodoroWatch WatchKit Extension */,
				C84CB25D27E2902200615218 /* Products */,
			);
			sourceTree = "<group>";
		};
		C84CB25D27E2902200615218 /* Products */ = {
			isa = PBXGroup;
			children = (
				C84CB25C27E2902200615218 /* PomodoroWatch.app */,
				C84CB26027E2902200615218 /* PomodoroWatch WatchKit App.app */,
				C84CB26B27E2902400615218 /* PomodoroWatch WatchKit Extension.appex */,
			);
			name = Products;
			sourceTree = "<group>";
		};
		C84CB26427E2902200615218 /* PomodoroWatch WatchKit App */ = {
			isa = PBXGroup;
			children = (
				C84CB26527E2902400615218 /* Assets.xcassets */,
			);
			path = "PomodoroWatch WatchKit App";
			sourceTree = "<group>";
		};
		C84CB26F27E2902400615218 /* PomodoroWatch WatchKit Extension */ = {
			isa = PBXGroup;
			children = (
				C84CB27027E2902400615218 /* PomodoroWatchApp.swift */,
				C84CB27227E2902400615218 /* ContentView.swift */,
				C84CB27427E2902400615218 /* NotificationController.swift */,
				C84CB27627E2902400615218 /* NotificationView.swift */,
				C84CB27827E2902400615218 /* ComplicationController.swift */,
				C84CB27A27E2902500615218 /* Assets.xcassets */,
				C84CB27F27E2902500615218 /* Info.plist */,
				C84CB28027E2902500615218 /* PushNotificationPayload.apns */,
				C84CB27C27E2902500615218 /* Preview Content */,
			);
			path = "PomodoroWatch WatchKit Extension";
			sourceTree = "<group>";
		};
		C84CB27C27E2902500615218 /* Preview Content */ = {
			isa = PBXGroup;
			children = (
				C84CB27D27E2902500615218 /* Preview Assets.xcassets */,
			);
			path = "Preview Content";
			sourceTree = "<group>";
		};
/* End PBXGroup section */

/* Begin PBXNativeTarget section */
		C84CB25B27E2902200615218 /* PomodoroWatch */ = {
			isa = PBXNativeTarget;
			buildConfigurationList = C84CB28B27E2902500615218 /* Build configuration list for PBXNativeTarget "PomodoroWatch" */;
			buildPhases = (
				C84CB25A27E2902200615218 /* Resources */,
				C84CB28A27E2902500615218 /* Embed Watch Content */,
			);
			buildRules = (
			);
			dependencies = (
				C84CB26327E2902200615218 /* PBXTargetDependency */,
			);
			name = PomodoroWatch;
			productName = PomodoroWatch;
			productReference = C84CB25C27E2902200615218 /* PomodoroWatch.app */;
			productType = "com.apple.product-type.application.watchapp2-container";
		};
		C84CB25F27E2902200615218 /* PomodoroWatch WatchKit App */ = {
			isa = PBXNativeTarget;
			buildConfigurationList = C84CB28727E2902500615218 /* Build configuration list for PBXNativeTarget "PomodoroWatch WatchKit App" */;
			buildPhases = (
				C84CB25E27E2902200615218 /* Resources */,
				C84CB28627E2902500615218 /* Embed App Extensions */,
			);
			buildRules = (
			);
			dependencies = (
				C84CB26E27E2902400615218 /* PBXTargetDependency */,
			);
			name = "PomodoroWatch WatchKit App";
			productName = "PomodoroWatch WatchKit App";
			productReference = C84CB26027E2902200615218 /* PomodoroWatch WatchKit App.app */;
			productType = "com.apple.product-type.application.watchapp2";
		};
		C84CB26A27E2902400615218 /* PomodoroWatch WatchKit Extension */ = {
			isa = PBXNativeTarget;
			buildConfigurationList = C84CB28327E2902500615218 /* Build configuration list for PBXNativeTarget "PomodoroWatch WatchKit Extension" */;
			buildPhases = (
				C84CB26727E2902400615218 /* Sources */,
				C84CB26827E2902400615218 /* Frameworks */,
				C84CB26927E2902400615218 /* Resources */,
			);
			buildRules = (
			);
			dependencies = (
			);
			name = "PomodoroWatch WatchKit Extension";
			productName = "PomodoroWatch WatchKit Extension";
			productReference = C84CB26B27E2902400615218 /* PomodoroWatch WatchKit Extension.appex */;
			productType = "com.apple.product-type.watchkit2-extension";
		};
/* End PBXNativeTarget section */

/* Begin PBXProject section */
		C84CB25627E2902200615218 /* Project object */ = {
			isa = PBXProject;
			attributes = {
				BuildIndependentTargetsInParallel = 1;
				LastSwiftUpdateCheck = 1330;
				LastUpgradeCheck = 1330;
				TargetAttributes = {
					C84CB25B27E2902200615218 = {
						CreatedOnToolsVersion = 13.3;
					};
					C84CB25F27E2902200615218 = {
						CreatedOnToolsVersion = 13.3;
					};
					C84CB26A27E2902400615218 = {
						CreatedOnToolsVersion = 13.3;
					};
				};
			};
			buildConfigurationList = C84CB25927E2902200615218 /* Build configuration list for PBXProject "PomodoroWatch" */;
			compatibilityVersion = "Xcode 13.0";
			developmentRegion = en;
			hasScannedForEncodings = 0;
			knownRegions = (
				en,
				Base,
			);
			mainGroup = C84CB25527E2902200615218;
			productRefGroup = C84CB25D27E2902200615218 /* Products */;
			projectDirPath = "";
			projectRoot = "";
			targets = (
				C84CB25B27E2902200615218 /* PomodoroWatch */,
				C84CB25F27E2902200615218 /* PomodoroWatch WatchKit App */,
				C84CB26A27E2902400615218 /* PomodoroWatch WatchKit Extension */,
			);
		};
/* End PBXProject section */

/* Begin PBXResourcesBuildPhase section */
		C84CB25A27E2902200615218 /* Resources */ = {
			isa = PBXResourcesBuildPhase;
			buildActionMask = 2147483647;
			files = (
			);
			runOnlyForDeploymentPostprocessing = 0;
		};
		C84CB25E27E2902200615218 /* Resources */ = {
			isa = PBXResourcesBuildPhase;
			buildActionMask = 2147483647;
			files = (
				C84CB26627E2902400615218 /* Assets.xcassets in Resources */,
			);
			runOnlyForDeploymentPostprocessing = 0;
		};
		C84CB26927E2902400615218 /* Resources */ = {
			isa = PBXResourcesBuildPhase;
			buildActionMask = 2147483647;
			files = (
				C84CB27E27E2902500615218 /* Preview Assets.xcassets in Resources */,
				C84CB27B27E2902500615218 /* Assets.xcassets in Resources */,
			);
			runOnlyForDeploymentPostprocessing = 0;
		};
/* End PBXResourcesBuildPhase section */

/* Begin PBXSourcesBuildPhase section */
		C84CB26727E2902400615218 /* Sources */ = {
			isa = PBXSourcesBuildPhase;
			buildActionMask = 2147483647;
			files = (
				C84CB27527E2902400615218 /* NotificationController.swift in Sources */,
				C84CB27327E2902400615218 /* ContentView.swift in Sources */,
				C84CB27927E2902400615218 /* ComplicationController.swift in Sources */,
				C84CB27127E2902400615218 /* PomodoroWatchApp.swift in Sources */,
				C84CB27727E2902400615218 /* NotificationView.swift in Sources */,
			);
			runOnlyForDeploymentPostprocessing = 0;
		};
/* End PBXSourcesBuildPhase section */

/* Begin PBXTargetDependency section */
		C84CB26327E2902200615218 /* PBXTargetDependency */ = {
			isa = PBXTargetDependency;
			target = C84CB25F27E2902200615218 /* PomodoroWatch WatchKit App */;
			targetProxy = C84CB26227E2902200615218 /* PBXContainerItemProxy */;
		};
		C84CB26E27E2902400615218 /* PBXTargetDependency */ = {
			isa = PBXTargetDependency;
			target = C84CB26A27E2902400615218 /* PomodoroWatch WatchKit Extension */;
			targetProxy = C84CB26D27E2902400615218 /* PBXContainerItemProxy */;
		};
/* End PBXTargetDependency section */

/* Begin XCBuildConfiguration section */
		C84CB28127E2902500615218 /* Debug */ = {
			isa = XCBuildConfiguration;
			buildSettings = {
				ALWAYS_SEARCH_USER_PATHS = NO;
				CLANG_ANALYZER_NONNULL = YES;
				CLANG_ANALYZER_NUMBER_OBJECT_CONVERSION = YES_AGGRESSIVE;
				CLANG_CXX_LANGUAGE_STANDARD = "gnu++17";
				CLANG_ENABLE_MODULES = YES;
				CLANG_ENABLE_OBJC_ARC = YES;
				CLANG_ENABLE_OBJC_WEAK = YES;
				CLANG_WARN_BLOCK_CAPTURE_AUTORELEASING = YES;
				CLANG_WARN_BOOL_CONVERSION = YES;
				CLANG_WARN_COMMA = YES;
				CLANG_WARN_CONSTANT_CONVERSION = YES;
				CLANG_WARN_DEPRECATED_OBJC_IMPLEMENTATIONS = YES;
				CLANG_WARN_DIRECT_OBJC_ISA_USAGE = YES_ERROR;
				CLANG_WARN_DOCUMENTATION_COMMENTS = YES;
				CLANG_WARN_EMPTY_BODY = YES;
				CLANG_WARN_ENUM_CONVERSION = YES;
				CLANG_WARN_INFINITE_RECURSION = YES;
				CLANG_WARN_INT_CONVERSION = YES;
				CLANG_WARN_NON_LITERAL_NULL_CONVERSION = YES;
				CLANG_WARN_OBJC_IMPLICIT_RETAIN_SELF = YES;
				CLANG_WARN_OBJC_LITERAL_CONVERSION = YES;
				CLANG_WARN_OBJC_ROOT_CLASS = YES_ERROR;
				CLANG_WARN_QUOTED_INCLUDE_IN_FRAMEWORK_HEADER = YES;
				CLANG_WARN_RANGE_LOOP_ANALYSIS = YES;
				CLANG_WARN_STRICT_PROTOTYPES = YES;
				CLANG_WARN_SUSPICIOUS_MOVE = YES;
				CLANG_WARN_UNGUARDED_AVAILABILITY = YES_AGGRESSIVE;
				CLANG_WARN_UNREACHABLE_CODE = YES;
				CLANG_WARN__DUPLICATE_METHOD_MATCH = YES;
				COPY_PHASE_STRIP = NO;
				DEBUG_INFORMATION_FORMAT = dwarf;
				ENABLE_STRICT_OBJC_MSGSEND = YES;
				ENABLE_TESTABILITY = YES;
				GCC_C_LANGUAGE_STANDARD = gnu11;
				GCC_DYNAMIC_NO_PIC = NO;
				GCC_NO_COMMON_BLOCKS = YES;
				GCC_OPTIMIZATION_LEVEL = 0;
				GCC_PREPROCESSOR_DEFINITIONS = (
					"DEBUG=1",
					"$(inherited)",
				);
				GCC_WARN_64_TO_32_BIT_CONVERSION = YES;
				GCC_WARN_ABOUT_RETURN_TYPE = YES_ERROR;
				GCC_WARN_UNDECLARED_SELECTOR = YES;
				GCC_WARN_UNINITIALIZED_AUTOS = YES_AGGRESSIVE;
				GCC_WARN_UNUSED_FUNCTION = YES;
				GCC_WARN_UNUSED_VARIABLE = YES;
				MTL_ENABLE_DEBUG_INFO = INCLUDE_SOURCE;
				MTL_FAST_MATH = YES;
				ONLY_ACTIVE_ARCH = YES;
				SDKROOT = iphoneos;
				SWIFT_ACTIVE_COMPILATION_CONDITIONS = DEBUG;
				SWIFT_OPTIMIZATION_LEVEL = "-Onone";
			};
			name = Debug;
		};
		C84CB28227E2902500615218 /* Release */ = {
			isa = XCBuildConfiguration;
			buildSettings = {
				ALWAYS_SEARCH_USER_PATHS = NO;
				CLANG_ANALYZER_NONNULL = YES;
				CLANG_ANALYZER_NUMBER_OBJECT_CONVERSION = YES_AGGRESSIVE;
				CLANG_CXX_LANGUAGE_STANDARD = "gnu++17";
				CLANG_ENABLE_MODULES = YES;
				CLANG_ENABLE_OBJC_ARC = YES;
				CLANG_ENABLE_OBJC_WEAK = YES;
				CLANG_WARN_BLOCK_CAPTURE_AUTORELEASING = YES;
				CLANG_WARN_BOOL_CONVERSION = YES;
				CLANG_WARN_COMMA = YES;
				CLANG_WARN_CONSTANT_CONVERSION = YES;
				CLANG_WARN_DEPRECATED_OBJC_IMPLEMENTATIONS = YES;
				CLANG_WARN_DIRECT_OBJC_ISA_USAGE = YES_ERROR;
				CLANG_WARN_DOCUMENTATION_COMMENTS = YES;
				CLANG_WARN_EMPTY_BODY = YES;
				CLANG_WARN_ENUM_CONVERSION = YES;
				CLANG_WARN_INFINITE_RECURSION = YES;
				CLANG_WARN_INT_CONVERSION = YES;
				CLANG_WARN_NON_LITERAL_NULL_CONVERSION = YES;
				CLANG_WARN_OBJC_IMPLICIT_RETAIN_SELF = YES;
				CLANG_WARN_OBJC_LITERAL_CONVERSION = YES;
				CLANG_WARN_OBJC_ROOT_CLASS = YES_ERROR;
				CLANG_WARN_QUOTED_INCLUDE_IN_FRAMEWORK_HEADER = YES;
				CLANG_WARN_RANGE_LOOP_ANALYSIS = YES;
				CLANG_WARN_STRICT_PROTOTYPES = YES;
				CLANG_WARN_SUSPICIOUS_MOVE = YES;
				CLANG_WARN_UNGUARDED_AVAILABILITY = YES_AGGRESSIVE;
				CLANG_WARN_UNREACHABLE_CODE = YES;
				CLANG_WARN__DUPLICATE_METHOD_MATCH = YES;
				COPY_PHASE_STRIP = NO;
				DEBUG_INFORMATION_FORMAT = "dwarf-with-dsym";
				ENABLE_NS_ASSERTIONS = NO;
				ENABLE_STRICT_OBJC_MSGSEND = YES;
				GCC_C_LANGUAGE_STANDARD = gnu11;
				GCC_NO_COMMON_BLOCKS = YES;
				GCC_WARN_64_TO_32_BIT_CONVERSION = YES;
				GCC_WARN_ABOUT_RETURN_TYPE = YES_ERROR;
				GCC_WARN_UNDECLARED_SELECTOR = YES;
				GCC_WARN_UNINITIALIZED_AUTOS = YES_AGGRESSIVE;
				GCC_WARN_UNUSED_FUNCTION = YES;
				GCC_WARN_UNUSED_VARIABLE = YES;
				MTL_ENABLE_DEBUG_INFO = NO;
				MTL_FAST_MATH = YES;
				SDKROOT = iphoneos;
				SWIFT_COMPILATION_MODE = wholemodule;
				SWIFT_OPTIMIZATION_LEVEL = "-O";
				VALIDATE_PRODUCT = YES;
			};
			name = Release;
		};
		C84CB28427E2902500615218 /* Debug */ = {
			isa = XCBuildConfiguration;
			buildSettings = {
				ASSETCATALOG_COMPILER_COMPLICATION_NAME = Complication;
				CODE_SIGN_STYLE = Automatic;
				CURRENT_PROJECT_VERSION = 1;
				DEVELOPMENT_ASSET_PATHS = "\"PomodoroWatch WatchKit Extension/Preview Content\"";
				DEVELOPMENT_TEAM = J67P939BC9;
				ENABLE_PREVIEWS = YES;
				GENERATE_INFOPLIST_FILE = YES;
				INFOPLIST_FILE = "PomodoroWatch WatchKit Extension/Info.plist";
				INFOPLIST_KEY_CFBundleDisplayName = "PomodoroWatch WatchKit Extension";
				INFOPLIST_KEY_CLKComplicationPrincipalClass = "$(PRODUCT_MODULE_NAME).ComplicationController";
				INFOPLIST_KEY_NSHumanReadableCopyright = "";
				INFOPLIST_KEY_WKWatchOnly = YES;
				LD_RUNPATH_SEARCH_PATHS = (
					"$(inherited)",
					"@executable_path/Frameworks",
					"@executable_path/../../Frameworks",
				);
				MARKETING_VERSION = 1.0;
				PRODUCT_BUNDLE_IDENTIFIER = fordltc.GabrielFord.PomodoroWatch.watchkitapp.watchkitextension;
				PRODUCT_NAME = "${TARGET_NAME}";
				SDKROOT = watchos;
				SKIP_INSTALL = YES;
				SWIFT_EMIT_LOC_STRINGS = YES;
				SWIFT_VERSION = 5.0;
				TARGETED_DEVICE_FAMILY = 4;
				WATCHOS_DEPLOYMENT_TARGET = 8.5;
			};
			name = Debug;
		};
		C84CB28527E2902500615218 /* Release */ = {
			isa = XCBuildConfiguration;
			buildSettings = {
				ASSETCATALOG_COMPILER_COMPLICATION_NAME = Complication;
				CODE_SIGN_STYLE = Automatic;
				CURRENT_PROJECT_VERSION = 1;
				DEVELOPMENT_ASSET_PATHS = "\"PomodoroWatch WatchKit Extension/Preview Content\"";
				DEVELOPMENT_TEAM = J67P939BC9;
				ENABLE_PREVIEWS = YES;
				GENERATE_INFOPLIST_FILE = YES;
				INFOPLIST_FILE = "PomodoroWatch WatchKit Extension/Info.plist";
				INFOPLIST_KEY_CFBundleDisplayName = "PomodoroWatch WatchKit Extension";
				INFOPLIST_KEY_CLKComplicationPrincipalClass = "$(PRODUCT_MODULE_NAME).ComplicationController";
				INFOPLIST_KEY_NSHumanReadableCopyright = "";
				INFOPLIST_KEY_WKWatchOnly = YES;
				LD_RUNPATH_SEARCH_PATHS = (
					"$(inherited)",
					"@executable_path/Frameworks",
					"@executable_path/../../Frameworks",
				);
				MARKETING_VERSION = 1.0;
				PRODUCT_BUNDLE_IDENTIFIER = fordltc.GabrielFord.PomodoroWatch.watchkitapp.watchkitextension;
				PRODUCT_NAME = "${TARGET_NAME}";
				SDKROOT = watchos;
				SKIP_INSTALL = YES;
				SWIFT_EMIT_LOC_STRINGS = YES;
				SWIFT_VERSION = 5.0;
				TARGETED_DEVICE_FAMILY = 4;
				WATCHOS_DEPLOYMENT_TARGET = 8.5;
			};
			name = Release;
		};
		C84CB28827E2902500615218 /* Debug */ = {
			isa = XCBuildConfiguration;
			buildSettings = {
				ALWAYS_EMBED_SWIFT_STANDARD_LIBRARIES = YES;
				ASSETCATALOG_COMPILER_APPICON_NAME = AppIcon;
				ASSETCATALOG_COMPILER_GLOBAL_ACCENT_COLOR_NAME = AccentColor;
				CODE_SIGN_STYLE = Automatic;
				CURRENT_PROJECT_VERSION = 1;
				DEVELOPMENT_TEAM = J67P939BC9;
				GENERATE_INFOPLIST_FILE = YES;
				IBSC_MODULE = PomodoroWatch_WatchKit_Extension;
				INFOPLIST_KEY_CFBundleDisplayName = "PomodoroWatch WatchKit App";
				INFOPLIST_KEY_UISupportedInterfaceOrientations = "UIInterfaceOrientationPortrait UIInterfaceOrientationPortraitUpsideDown";
				MARKETING_VERSION = 1.0;
				PRODUCT_BUNDLE_IDENTIFIER = fordltc.GabrielFord.PomodoroWatch.watchkitapp;
				PRODUCT_NAME = "$(TARGET_NAME)";
				SDKROOT = watchos;
				SKIP_INSTALL = YES;
				SWIFT_EMIT_LOC_STRINGS = YES;
				SWIFT_VERSION = 5.0;
				TARGETED_DEVICE_FAMILY = 4;
				WATCHOS_DEPLOYMENT_TARGET = 8.5;
			};
			name = Debug;
		};
		C84CB28927E2902500615218 /* Release */ = {
			isa = XCBuildConfiguration;
			buildSettings = {
				ALWAYS_EMBED_SWIFT_STANDARD_LIBRARIES = YES;
				ASSETCATALOG_COMPILER_APPICON_NAME = AppIcon;
				ASSETCATALOG_COMPILER_GLOBAL_ACCENT_COLOR_NAME = AccentColor;
				CODE_SIGN_STYLE = Automatic;
				CURRENT_PROJECT_VERSION = 1;
				DEVELOPMENT_TEAM = J67P939BC9;
				GENERATE_INFOPLIST_FILE = YES;
				IBSC_MODULE = PomodoroWatch_WatchKit_Extension;
				INFOPLIST_KEY_CFBundleDisplayName = "PomodoroWatch WatchKit App";
				INFOPLIST_KEY_UISupportedInterfaceOrientations = "UIInterfaceOrientationPortrait UIInterfaceOrientationPortraitUpsideDown";
				MARKETING_VERSION = 1.0;
				PRODUCT_BUNDLE_IDENTIFIER = fordltc.GabrielFord.PomodoroWatch.watchkitapp;
				PRODUCT_NAME = "$(TARGET_NAME)";
				SDKROOT = watchos;
				SKIP_INSTALL = YES;
				SWIFT_EMIT_LOC_STRINGS = YES;
				SWIFT_VERSION = 5.0;
				TARGETED_DEVICE_FAMILY = 4;
				WATCHOS_DEPLOYMENT_TARGET = 8.5;
			};
			name = Release;
		};
		C84CB28C27E2902500615218 /* Debug */ = {
			isa = XCBuildConfiguration;
			buildSettings = {
				CODE_SIGN_STYLE = Automatic;
				CURRENT_PROJECT_VERSION = 1;
				DEVELOPMENT_TEAM = J67P939BC9;
				MARKETING_VERSION = 1.0;
				PRODUCT_BUNDLE_IDENTIFIER = fordltc.GabrielFord.PomodoroWatch;
				PRODUCT_NAME = "$(TARGET_NAME)";
				SWIFT_VERSION = 5.0;
			};
			name = Debug;
		};
		C84CB28D27E2902500615218 /* Release */ = {
			isa = XCBuildConfiguration;
			buildSettings = {
				CODE_SIGN_STYLE = Automatic;
				CURRENT_PROJECT_VERSION = 1;
				DEVELOPMENT_TEAM = J67P939BC9;
				MARKETING_VERSION = 1.0;
				PRODUCT_BUNDLE_IDENTIFIER = fordltc.GabrielFord.PomodoroWatch;
				PRODUCT_NAME = "$(TARGET_NAME)";
				SWIFT_VERSION = 5.0;
			};
			name = Release;
		};
/* End XCBuildConfiguration section */

/* Begin XCConfigurationList section */
		C84CB25927E2902200615218 /* Build configuration list for PBXProject "PomodoroWatch" */ = {
			isa = XCConfigurationList;
			buildConfigurations = (
				C84CB28127E2902500615218 /* Debug */,
				C84CB28227E2902500615218 /* Release */,
			);
			defaultConfigurationIsVisible = 0;
			defaultConfigurationName = Release;
		};
		C84CB28327E2902500615218 /* Build configuration list for PBXNativeTarget "PomodoroWatch WatchKit Extension" */ = {
			isa = XCConfigurationList;
			buildConfigurations = (
				C84CB28427E2902500615218 /* Debug */,
				C84CB28527E2902500615218 /* Release */,
			);
			defaultConfigurationIsVisible = 0;
			defaultConfigurationName = Release;
		};
		C84CB28727E2902500615218 /* Build configuration list for PBXNativeTarget "PomodoroWatch WatchKit App" */ = {
			isa = XCConfigurationList;
			buildConfigurations = (
				C84CB28827E2902500615218 /* Debug */,
				C84CB28927E2902500615218 /* Release */,
			);
			defaultConfigurationIsVisible = 0;
			defaultConfigurationName = Release;
		};
		C84CB28B27E2902500615218 /* Build configuration list for PBXNativeTarget "PomodoroWatch" */ = {
			isa = XCConfigurationList;
			buildConfigurations = (
				C84CB28C27E2902500615218 /* Debug */,
				C84CB28D27E2902500615218 /* Release */,
			);
			defaultConfigurationIsVisible = 0;
			defaultConfigurationName = Release;
		};
/* End XCConfigurationList section */
	};
	rootObject = C84CB25627E2902200615218 /* Project object */;
}
